
Microsoft Visual Studio Solution File, Format Version 12.00
# Visual Studio 14
VisualStudioVersion = 14.0.25123.0
MinimumVisualStudioVersion = 10.0.40219.1
Project("{FAE04EC0-301F-11D3-BF4B-00C04F79EFBC}") = "WebApp", "WebApp\WebApp.csproj", "{D36AF392-B0D9-49FC-BB7B-B36A98F20C8B}"
EndProject
Project("{FAE04EC0-301F-11D3-BF4B-00C04F79EFBC}") = "XIOT", "XIOT\XIOT.csproj", "{E1177C28-073B-4E3D-BACB-F45DB8D64052}"
EndProject
Project("{FAE04EC0-301F-11D3-BF4B-00C04F79EFBC}") = "Sandbox", "Sandbox\Sandbox.csproj", "{CAD84820-E6C1-4F5B-A4AB-AC7599561C8B}"
EndProject
Global
	GlobalSection(SolutionConfigurationPlatforms) = preSolution
		Debug|Any CPU = Debug|Any CPU
		Release|Any CPU = Release|Any CPU
	EndGlobalSection
	GlobalSection(ProjectConfigurationPlatforms) = postSolution
		{D36AF392-B0D9-49FC-BB7B-B36A98F20C8B}.Debug|Any CPU.ActiveCfg = Debug|Any CPU
		{D36AF392-B0D9-49FC-BB7B-B36A98F20C8B}.Debug|Any CPU.Build.0 = Debug|Any CPU
		{D36AF392-B0D9-49FC-BB7B-B36A98F20C8B}.Release|Any CPU.ActiveCfg = Release|Any CPU
		{E1177C28-073B-4E3D-BACB-F45DB8D64052}.Debug|Any CPU.ActiveCfg = Debug|Any CPU
		{E1177C28-073B-4E3D-BACB-F45DB8D64052}.Debug|Any CPU.Build.0 = Debug|Any CPU
		{E1177C28-073B-4E3D-BACB-F45DB8D64052}.Release|Any CPU.ActiveCfg = Release|Any CPU
		{CAD84820-E6C1-4F5B-A4AB-AC7599561C8B}.Debug|Any CPU.ActiveCfg = Debug|Any CPU
		{CAD84820-E6C1-4F5B-A4AB-AC7599561C8B}.Debug|Any CPU.Build.0 = Debug|Any CPU
		{CAD84820-E6C1-4F5B-A4AB-AC7599561C8B}.Release|Any CPU.ActiveCfg = Release|Any CPU
	EndGlobalSection
	GlobalSection(SolutionProperties) = preSolution
		HideSolutionNode = FALSE
	EndGlobalSection
EndGlobal
